// !$*UTF8*$!
{
	archiveVersion = 1;
	classes = {
	};
	objectVersion = 50;
	objects = {

/* Begin PBXBuildFile section */
		CEA37A7921CB56F8008696AF /* AppDelegate.swift in Sources */ = {isa = PBXBuildFile; fileRef = CEA37A7821CB56F8008696AF /* AppDelegate.swift */; };
		CEA37A7B21CB56F8008696AF /* ViewController.swift in Sources */ = {isa = PBXBuildFile; fileRef = CEA37A7A21CB56F8008696AF /* ViewController.swift */; };
		CEA37A7E21CB56F8008696AF /* Main.storyboard in Resources */ = {isa = PBXBuildFile; fileRef = CEA37A7C21CB56F8008696AF /* Main.storyboard */; };
		CEA37A8021CB56F9008696AF /* Assets.xcassets in Resources */ = {isa = PBXBuildFile; fileRef = CEA37A7F21CB56F9008696AF /* Assets.xcassets */; };
		CEA37A8321CB56F9008696AF /* LaunchScreen.storyboard in Resources */ = {isa = PBXBuildFile; fileRef = CEA37A8121CB56F9008696AF /* LaunchScreen.storyboard */; };
		CEA37A8E21CB56F9008696AF /* PedoMeterSwiftTests.swift in Sources */ = {isa = PBXBuildFile; fileRef = CEA37A8D21CB56F9008696AF /* PedoMeterSwiftTests.swift */; };
		CEA37A9921CB56F9008696AF /* PedoMeterSwiftUITests.swift in Sources */ = {isa = PBXBuildFile; fileRef = CEA37A9821CB56F9008696AF /* PedoMeterSwiftUITests.swift */; };
/* End PBXBuildFile section */

/* Begin PBXContainerItemProxy section */
		CEA37A8A21CB56F9008696AF /* PBXContainerItemProxy */ = {
			isa = PBXContainerItemProxy;
			containerPortal = CEA37A6D21CB56F7008696AF /* Project object */;
			proxyType = 1;
			remoteGlobalIDString = CEA37A7421CB56F8008696AF;
			remoteInfo = PedoMeterSwift;
		};
		CEA37A9521CB56F9008696AF /* PBXContainerItemProxy */ = {
			isa = PBXContainerItemProxy;
			containerPortal = CEA37A6D21CB56F7008696AF /* Project object */;
			proxyType = 1;
			remoteGlobalIDString = CEA37A7421CB56F8008696AF;
			remoteInfo = PedoMeterSwift;
		};
/* End PBXContainerItemProxy section */

/* Begin PBXFileReference section */
		CEA37A7521CB56F8008696AF /* PedoMeterSwift.app */ = {isa = PBXFileReference; explicitFileType = wrapper.application; includeInIndex = 0; path = PedoMeterSwift.app; sourceTree = BUILT_PRODUCTS_DIR; };
		CEA37A7821CB56F8008696AF /* AppDelegate.swift */ = {isa = PBXFileReference; lastKnownFileType = sourcecode.swift; path = AppDelegate.swift; sourceTree = "<group>"; };
		CEA37A7A21CB56F8008696AF /* ViewController.swift */ = {isa = PBXFileReference; lastKnownFileType = sourcecode.swift; path = ViewController.swift; sourceTree = "<group>"; };
		CEA37A7D21CB56F8008696AF /* Base */ = {isa = PBXFileReference; lastKnownFileType = file.storyboard; name = Base; path = Base.lproj/Main.storyboard; sourceTree = "<group>"; };
		CEA37A7F21CB56F9008696AF /* Assets.xcassets */ = {isa = PBXFileReference; lastKnownFileType = folder.assetcatalog; path = Assets.xcassets; sourceTree = "<group>"; };
		CEA37A8221CB56F9008696AF /* Base */ = {isa = PBXFileReference; lastKnownFileType = file.storyboard; name = Base; path = Base.lproj/LaunchScreen.storyboard; sourceTree = "<group>"; };
		CEA37A8421CB56F9008696AF /* Info.plist */ = {isa = PBXFileReference; lastKnownFileType = text.plist.xml; path = Info.plist; sourceTree = "<group>"; };
		CEA37A8921CB56F9008696AF /* PedoMeterSwiftTests.xctest */ = {isa = PBXFileReference; explicitFileType = wrapper.cfbundle; includeInIndex = 0; path = PedoMeterSwiftTests.xctest; sourceTree = BUILT_PRODUCTS_DIR; };
		CEA37A8D21CB56F9008696AF /* PedoMeterSwiftTests.swift */ = {isa = PBXFileReference; lastKnownFileType = sourcecode.swift; path = PedoMeterSwiftTests.swift; sourceTree = "<group>"; };
		CEA37A8F21CB56F9008696AF /* Info.plist */ = {isa = PBXFileReference; lastKnownFileType = text.plist.xml; path = Info.plist; sourceTree = "<group>"; };
		CEA37A9421CB56F9008696AF /* PedoMeterSwiftUITests.xctest */ = {isa = PBXFileReference; explicitFileType = wrapper.cfbundle; includeInIndex = 0; path = PedoMeterSwiftUITests.xctest; sourceTree = BUILT_PRODUCTS_DIR; };
		CEA37A9821CB56F9008696AF /* PedoMeterSwiftUITests.swift */ = {isa = PBXFileReference; lastKnownFileType = sourcecode.swift; path = PedoMeterSwiftUITests.swift; sourceTree = "<group>"; };
		CEA37A9A21CB56F9008696AF /* Info.plist */ = {isa = PBXFileReference; lastKnownFileType = text.plist.xml; path = Info.plist; sourceTree = "<group>"; };
/* End PBXFileReference section */

/* Begin PBXFrameworksBuildPhase section */
		CEA37A7221CB56F8008696AF /* Frameworks */ = {
			isa = PBXFrameworksBuildPhase;
			buildActionMask = 2147483647;
			files = (
			);
			runOnlyForDeploymentPostprocessing = 0;
		};
		CEA37A8621CB56F9008696AF /* Frameworks */ = {
			isa = PBXFrameworksBuildPhase;
			buildActionMask = 2147483647;
			files = (
			);
			runOnlyForDeploymentPostprocessing = 0;
		};
		CEA37A9121CB56F9008696AF /* Frameworks */ = {
			isa = PBXFrameworksBuildPhase;
			buildActionMask = 2147483647;
			files = (
			);
			runOnlyForDeploymentPostprocessing = 0;
		};
/* End PBXFrameworksBuildPhase section */

/* Begin PBXGroup section */
		CEA37A6C21CB56F7008696AF = {
			isa = PBXGroup;
			children = (
				CEA37A7721CB56F8008696AF /* PedoMeterSwift */,
				CEA37A8C21CB56F9008696AF /* PedoMeterSwiftTests */,
				CEA37A9721CB56F9008696AF /* PedoMeterSwiftUITests */,
				CEA37A7621CB56F8008696AF /* Products */,
			);
			sourceTree = "<group>";
		};
		CEA37A7621CB56F8008696AF /* Products */ = {
			isa = PBXGroup;
			children = (
				CEA37A7521CB56F8008696AF /* PedoMeterSwift.app */,
				CEA37A8921CB56F9008696AF /* PedoMeterSwiftTests.xctest */,
				CEA37A9421CB56F9008696AF /* PedoMeterSwiftUITests.xctest */,
			);
			name = Products;
			sourceTree = "<group>";
		};
		CEA37A7721CB56F8008696AF /* PedoMeterSwift */ = {
			isa = PBXGroup;
			children = (
				CEA37A7821CB56F8008696AF /* AppDelegate.swift */,
				CEA37A7A21CB56F8008696AF /* ViewController.swift */,
				CEA37A7C21CB56F8008696AF /* Main.storyboard */,
				CEA37A7F21CB56F9008696AF /* Assets.xcassets */,
				CEA37A8121CB56F9008696AF /* LaunchScreen.storyboard */,
				CEA37A8421CB56F9008696AF /* Info.plist */,
			);
			path = PedoMeterSwift;
			sourceTree = "<group>";
		};
		CEA37A8C21CB56F9008696AF /* PedoMeterSwiftTests */ = {
			isa = PBXGroup;
			children = (
				CEA37A8D21CB56F9008696AF /* PedoMeterSwiftTests.swift */,
				CEA37A8F21CB56F9008696AF /* Info.plist */,
			);
			path = PedoMeterSwiftTests;
			sourceTree = "<group>";
		};
		CEA37A9721CB56F9008696AF /* PedoMeterSwiftUITests */ = {
			isa = PBXGroup;
			children = (
				CEA37A9821CB56F9008696AF /* PedoMeterSwiftUITests.swift */,
				CEA37A9A21CB56F9008696AF /* Info.plist */,
			);
			path = PedoMeterSwiftUITests;
			sourceTree = "<group>";
		};
/* End PBXGroup section */

/* Begin PBXNativeTarget section */
		CEA37A7421CB56F8008696AF /* PedoMeterSwift */ = {
			isa = PBXNativeTarget;
			buildConfigurationList = CEA37A9D21CB56F9008696AF /* Build configuration list for PBXNativeTarget "PedoMeterSwift" */;
			buildPhases = (
				CEA37A7121CB56F8008696AF /* Sources */,
				CEA37A7221CB56F8008696AF /* Frameworks */,
				CEA37A7321CB56F8008696AF /* Resources */,
			);
			buildRules = (
			);
			dependencies = (
			);
			name = PedoMeterSwift;
			productName = PedoMeterSwift;
			productReference = CEA37A7521CB56F8008696AF /* PedoMeterSwift.app */;
			productType = "com.apple.product-type.application";
		};
		CEA37A8821CB56F9008696AF /* PedoMeterSwiftTests */ = {
			isa = PBXNativeTarget;
			buildConfigurationList = CEA37AA021CB56F9008696AF /* Build configuration list for PBXNativeTarget "PedoMeterSwiftTests" */;
			buildPhases = (
				CEA37A8521CB56F9008696AF /* Sources */,
				CEA37A8621CB56F9008696AF /* Frameworks */,
				CEA37A8721CB56F9008696AF /* Resources */,
			);
			buildRules = (
			);
			dependencies = (
				CEA37A8B21CB56F9008696AF /* PBXTargetDependency */,
			);
			name = PedoMeterSwiftTests;
			productName = PedoMeterSwiftTests;
			productReference = CEA37A8921CB56F9008696AF /* PedoMeterSwiftTests.xctest */;
			productType = "com.apple.product-type.bundle.unit-test";
		};
		CEA37A9321CB56F9008696AF /* PedoMeterSwiftUITests */ = {
			isa = PBXNativeTarget;
			buildConfigurationList = CEA37AA321CB56F9008696AF /* Build configuration list for PBXNativeTarget "PedoMeterSwiftUITests" */;
			buildPhases = (
				CEA37A9021CB56F9008696AF /* Sources */,
				CEA37A9121CB56F9008696AF /* Frameworks */,
				CEA37A9221CB56F9008696AF /* Resources */,
			);
			buildRules = (
			);
			dependencies = (
				CEA37A9621CB56F9008696AF /* PBXTargetDependency */,
			);
			name = PedoMeterSwiftUITests;
			productName = PedoMeterSwiftUITests;
			productReference = CEA37A9421CB56F9008696AF /* PedoMeterSwiftUITests.xctest */;
			productType = "com.apple.product-type.bundle.ui-testing";
		};
/* End PBXNativeTarget section */

/* Begin PBXProject section */
		CEA37A6D21CB56F7008696AF /* Project object */ = {
			isa = PBXProject;
			attributes = {
				LastSwiftUpdateCheck = 1010;
				LastUpgradeCheck = 1010;
				ORGANIZATIONNAME = user;
				TargetAttributes = {
					CEA37A7421CB56F8008696AF = {
						CreatedOnToolsVersion = 10.1;
					};
					CEA37A8821CB56F9008696AF = {
						CreatedOnToolsVersion = 10.1;
						TestTargetID = CEA37A7421CB56F8008696AF;
					};
					CEA37A9321CB56F9008696AF = {
						CreatedOnToolsVersion = 10.1;
						TestTargetID = CEA37A7421CB56F8008696AF;
					};
				};
			};
			buildConfigurationList = CEA37A7021CB56F7008696AF /* Build configuration list for PBXProject "PedoMeterSwift" */;
			compatibilityVersion = "Xcode 9.3";
			developmentRegion = en;
			hasScannedForEncodings = 0;
			knownRegions = (
				en,
				Base,
			);
			mainGroup = CEA37A6C21CB56F7008696AF;
			productRefGroup = CEA37A7621CB56F8008696AF /* Products */;
			projectDirPath = "";
			projectRoot = "";
			targets = (
				CEA37A7421CB56F8008696AF /* PedoMeterSwift */,
				CEA37A8821CB56F9008696AF /* PedoMeterSwiftTests */,
				CEA37A9321CB56F9008696AF /* PedoMeterSwiftUITests */,
			);
		};
/* End PBXProject section */

/* Begin PBXResourcesBuildPhase section */
		CEA37A7321CB56F8008696AF /* Resources */ = {
			isa = PBXResourcesBuildPhase;
			buildActionMask = 2147483647;
			files = (
				CEA37A8321CB56F9008696AF /* LaunchScreen.storyboard in Resources */,
				CEA37A8021CB56F9008696AF /* Assets.xcassets in Resources */,
				CEA37A7E21CB56F8008696AF /* Main.storyboard in Resources */,
			);
			runOnlyForDeploymentPostprocessing = 0;
		};
		CEA37A8721CB56F9008696AF /* Resources */ = {
			isa = PBXResourcesBuildPhase;
			buildActionMask = 2147483647;
			files = (
			);
			runOnlyForDeploymentPostprocessing = 0;
		};
		CEA37A9221CB56F9008696AF /* Resources */ = {
			isa = PBXResourcesBuildPhase;
			buildActionMask = 2147483647;
			files = (
			);
			runOnlyForDeploymentPostprocessing = 0;
		};
/* End PBXResourcesBuildPhase section */

/* Begin PBXSourcesBuildPhase section */
		CEA37A7121CB56F8008696AF /* Sources */ = {
			isa = PBXSourcesBuildPhase;
			buildActionMask = 2147483647;
			files = (
				CEA37A7B21CB56F8008696AF /* ViewController.swift in Sources */,
				CEA37A7921CB56F8008696AF /* AppDelegate.swift in Sources */,
			);
			runOnlyForDeploymentPostprocessing = 0;
		};
		CEA37A8521CB56F9008696AF /* Sources */ = {
			isa = PBXSourcesBuildPhase;
			buildActionMask = 2147483647;
			files = (
				CEA37A8E21CB56F9008696AF /* PedoMeterSwiftTests.swift in Sources */,
			);
			runOnlyForDeploymentPostprocessing = 0;
		};
		CEA37A9021CB56F9008696AF /* Sources */ = {
			isa = PBXSourcesBuildPhase;
			buildActionMask = 2147483647;
			files = (
				CEA37A9921CB56F9008696AF /* PedoMeterSwiftUITests.swift in Sources */,
			);
			runOnlyForDeploymentPostprocessing = 0;
		};
/* End PBXSourcesBuildPhase section */

/* Begin PBXTargetDependency section */
		CEA37A8B21CB56F9008696AF /* PBXTargetDependency */ = {
			isa = PBXTargetDependency;
			target = CEA37A7421CB56F8008696AF /* PedoMeterSwift */;
			targetProxy = CEA37A8A21CB56F9008696AF /* PBXContainerItemProxy */;
		};
		CEA37A9621CB56F9008696AF /* PBXTargetDependency */ = {
			isa = PBXTargetDependency;
			target = CEA37A7421CB56F8008696AF /* PedoMeterSwift */;
			targetProxy = CEA37A9521CB56F9008696AF /* PBXContainerItemProxy */;
		};
/* End PBXTargetDependency section */

/* Begin PBXVariantGroup section */
		CEA37A7C21CB56F8008696AF /* Main.storyboard */ = {
			isa = PBXVariantGroup;
			children = (
				CEA37A7D21CB56F8008696AF /* Base */,
			);
			name = Main.storyboard;
			sourceTree = "<group>";
		};
		CEA37A8121CB56F9008696AF /* LaunchScreen.storyboard */ = {
			isa = PBXVariantGroup;
			children = (
				CEA37A8221CB56F9008696AF /* Base */,
			);
			name = LaunchScreen.storyboard;
			sourceTree = "<group>";
		};
/* End PBXVariantGroup section */

/* Begin XCBuildConfiguration section */
		CEA37A9B21CB56F9008696AF /* Debug */ = {
			isa = XCBuildConfiguration;
			buildSettings = {
				ALWAYS_SEARCH_USER_PATHS = NO;
				CLANG_ANALYZER_NONNULL = YES;
				CLANG_ANALYZER_NUMBER_OBJECT_CONVERSION = YES_AGGRESSIVE;
				CLANG_CXX_LANGUAGE_STANDARD = "gnu++14";
				CLANG_CXX_LIBRARY = "libc++";
				CLANG_ENABLE_MODULES = YES;
				CLANG_ENABLE_OBJC_ARC = YES;
				CLANG_ENABLE_OBJC_WEAK = YES;
				CLANG_WARN_BLOCK_CAPTURE_AUTORELEASING = YES;
				CLANG_WARN_BOOL_CONVERSION = YES;
				CLANG_WARN_COMMA = YES;
				CLANG_WARN_CONSTANT_CONVERSION = YES;
				CLANG_WARN_DEPRECATED_OBJC_IMPLEMENTATIONS = YES;
				CLANG_WARN_DIRECT_OBJC_ISA_USAGE = YES_ERROR;
				CLANG_WARN_DOCUMENTATION_COMMENTS = YES;
				CLANG_WARN_EMPTY_BODY = YES;
				CLANG_WARN_ENUM_CONVERSION = YES;
				CLANG_WARN_INFINITE_RECURSION = YES;
				CLANG_WARN_INT_CONVERSION = YES;
				CLANG_WARN_NON_LITERAL_NULL_CONVERSION = YES;
				CLANG_WARN_OBJC_IMPLICIT_RETAIN_SELF = YES;
				CLANG_WARN_OBJC_LITERAL_CONVERSION = YES;
				CLANG_WARN_OBJC_ROOT_CLASS = YES_ERROR;
				CLANG_WARN_RANGE_LOOP_ANALYSIS = YES;
				CLANG_WARN_STRICT_PROTOTYPES = YES;
				CLANG_WARN_SUSPICIOUS_MOVE = YES;
				CLANG_WARN_UNGUARDED_AVAILABILITY = YES_AGGRESSIVE;
				CLANG_WARN_UNREACHABLE_CODE = YES;
				CLANG_WARN__DUPLICATE_METHOD_MATCH = YES;
				CODE_SIGN_IDENTITY = "iPhone Developer";
				COPY_PHASE_STRIP = NO;
				DEBUG_INFORMATION_FORMAT = dwarf;
				ENABLE_STRICT_OBJC_MSGSEND = YES;
				ENABLE_TESTABILITY = YES;
				GCC_C_LANGUAGE_STANDARD = gnu11;
				GCC_DYNAMIC_NO_PIC = NO;
				GCC_NO_COMMON_BLOCKS = YES;
				GCC_OPTIMIZATION_LEVEL = 0;
				GCC_PREPROCESSOR_DEFINITIONS = (
					"DEBUG=1",
					"$(inherited)",
				);
				GCC_WARN_64_TO_32_BIT_CONVERSION = YES;
				GCC_WARN_ABOUT_RETURN_TYPE = YES_ERROR;
				GCC_WARN_UNDECLARED_SELECTOR = YES;
				GCC_WARN_UNINITIALIZED_AUTOS = YES_AGGRESSIVE;
				GCC_WARN_UNUSED_FUNCTION = YES;
				GCC_WARN_UNUSED_VARIABLE = YES;
				IPHONEOS_DEPLOYMENT_TARGET = 12.1;
				MTL_ENABLE_DEBUG_INFO = INCLUDE_SOURCE;
				MTL_FAST_MATH = YES;
				ONLY_ACTIVE_ARCH = YES;
				SDKROOT = iphoneos;
				SWIFT_ACTIVE_COMPILATION_CONDITIONS = DEBUG;
				SWIFT_OPTIMIZATION_LEVEL = "-Onone";
			};
			name = Debug;
		};
		CEA37A9C21CB56F9008696AF /* Release */ = {
			isa = XCBuildConfiguration;
			buildSettings = {
				ALWAYS_SEARCH_USER_PATHS = NO;
				CLANG_ANALYZER_NONNULL = YES;
				CLANG_ANALYZER_NUMBER_OBJECT_CONVERSION = YES_AGGRESSIVE;
				CLANG_CXX_LANGUAGE_STANDARD = "gnu++14";
				CLANG_CXX_LIBRARY = "libc++";
				CLANG_ENABLE_MODULES = YES;
				CLANG_ENABLE_OBJC_ARC = YES;
				CLANG_ENABLE_OBJC_WEAK = YES;
				CLANG_WARN_BLOCK_CAPTURE_AUTORELEASING = YES;
				CLANG_WARN_BOOL_CONVERSION = YES;
				CLANG_WARN_COMMA = YES;
				CLANG_WARN_CONSTANT_CONVERSION = YES;
				CLANG_WARN_DEPRECATED_OBJC_IMPLEMENTATIONS = YES;
				CLANG_WARN_DIRECT_OBJC_ISA_USAGE = YES_ERROR;
				CLANG_WARN_DOCUMENTATION_COMMENTS = YES;
				CLANG_WARN_EMPTY_BODY = YES;
				CLANG_WARN_ENUM_CONVERSION = YES;
				CLANG_WARN_INFINITE_RECURSION = YES;
				CLANG_WARN_INT_CONVERSION = YES;
				CLANG_WARN_NON_LITERAL_NULL_CONVERSION = YES;
				CLANG_WARN_OBJC_IMPLICIT_RETAIN_SELF = YES;
				CLANG_WARN_OBJC_LITERAL_CONVERSION = YES;
				CLANG_WARN_OBJC_ROOT_CLASS = YES_ERROR;
				CLANG_WARN_RANGE_LOOP_ANALYSIS = YES;
				CLANG_WARN_STRICT_PROTOTYPES = YES;
				CLANG_WARN_SUSPICIOUS_MOVE = YES;
				CLANG_WARN_UNGUARDED_AVAILABILITY = YES_AGGRESSIVE;
				CLANG_WARN_UNREACHABLE_CODE = YES;
				CLANG_WARN__DUPLICATE_METHOD_MATCH = YES;
				CODE_SIGN_IDENTITY = "iPhone Developer";
				COPY_PHASE_STRIP = NO;
				DEBUG_INFORMATION_FORMAT = "dwarf-with-dsym";
				ENABLE_NS_ASSERTIONS = NO;
				ENABLE_STRICT_OBJC_MSGSEND = YES;
				GCC_C_LANGUAGE_STANDARD = gnu11;
				GCC_NO_COMMON_BLOCKS = YES;
				GCC_WARN_64_TO_32_BIT_CONVERSION = YES;
				GCC_WARN_ABOUT_RETURN_TYPE = YES_ERROR;
				GCC_WARN_UNDECLARED_SELECTOR = YES;
				GCC_WARN_UNINITIALIZED_AUTOS = YES_AGGRESSIVE;
				GCC_WARN_UNUSED_FUNCTION = YES;
				GCC_WARN_UNUSED_VARIABLE = YES;
				IPHONEOS_DEPLOYMENT_TARGET = 12.1;
				MTL_ENABLE_DEBUG_INFO = NO;
				MTL_FAST_MATH = YES;
				SDKROOT = iphoneos;
				SWIFT_COMPILATION_MODE = wholemodule;
				SWIFT_OPTIMIZATION_LEVEL = "-O";
				VALIDATE_PRODUCT = YES;
			};
			name = Release;
		};
		CEA37A9E21CB56F9008696AF /* Debug */ = {
			isa = XCBuildConfiguration;
			buildSettings = {
				ASSETCATALOG_COMPILER_APPICON_NAME = AppIcon;
				CODE_SIGN_STYLE = Automatic;
				INFOPLIST_FILE = PedoMeterSwift/Info.plist;
				LD_RUNPATH_SEARCH_PATHS = (
					"$(inherited)",
					"@executable_path/Frameworks",
				);
				PRODUCT_BUNDLE_IDENTIFIER = com.contus.PedoMeterSwift;
				PRODUCT_NAME = "$(TARGET_NAME)";
				SWIFT_VERSION = 4.2;
				TARGETED_DEVICE_FAMILY = "1,2";
			};
			name = Debug;
		};
		CEA37A9F21CB56F9008696AF /* Release */ = {
			isa = XCBuildConfiguration;
			buildSettings = {
				ASSETCATALOG_COMPILER_APPICON_NAME = AppIcon;
				CODE_SIGN_STYLE = Automatic;
				INFOPLIST_FILE = PedoMeterSwift/Info.plist;
				LD_RUNPATH_SEARCH_PATHS = (
					"$(inherited)",
					"@executable_path/Frameworks",
				);
				PRODUCT_BUNDLE_IDENTIFIER = com.contus.PedoMeterSwift;
				PRODUCT_NAME = "$(TARGET_NAME)";
				SWIFT_VERSION = 4.2;
				TARGETED_DEVICE_FAMILY = "1,2";
			};
			name = Release;
		};
		CEA37AA121CB56F9008696AF /* Debug */ = {
			isa = XCBuildConfiguration;
			buildSettings = {
				ALWAYS_EMBED_SWIFT_STANDARD_LIBRARIES = YES;
				BUNDLE_LOADER = "$(TEST_HOST)";
				CODE_SIGN_STYLE = Automatic;
				INFOPLIST_FILE = PedoMeterSwiftTests/Info.plist;
				LD_RUNPATH_SEARCH_PATHS = (
					"$(inherited)",
					"@executable_path/Frameworks",
					"@loader_path/Frameworks",
				);
				PRODUCT_BUNDLE_IDENTIFIER = com.contus.PedoMeterSwiftTests;
				PRODUCT_NAME = "$(TARGET_NAME)";
				SWIFT_VERSION = 4.2;
				TARGETED_DEVICE_FAMILY = "1,2";
				TEST_HOST = "$(BUILT_PRODUCTS_DIR)/PedoMeterSwift.app/PedoMeterSwift";
			};
			name = Debug;
		};
		CEA37AA221CB56F9008696AF /* Release */ = {
			isa = XCBuildConfiguration;
			buildSettings = {
				ALWAYS_EMBED_SWIFT_STANDARD_LIBRARIES = YES;
				BUNDLE_LOADER = "$(TEST_HOST)";
				CODE_SIGN_STYLE = Automatic;
				INFOPLIST_FILE = PedoMeterSwiftTests/Info.plist;
				LD_RUNPATH_SEARCH_PATHS = (
					"$(inherited)",
					"@executable_path/Frameworks",
					"@loader_path/Frameworks",
				);
				PRODUCT_BUNDLE_IDENTIFIER = com.contus.PedoMeterSwiftTests;
				PRODUCT_NAME = "$(TARGET_NAME)";
				SWIFT_VERSION = 4.2;
				TARGETED_DEVICE_FAMILY = "1,2";
				TEST_HOST = "$(BUILT_PRODUCTS_DIR)/PedoMeterSwift.app/PedoMeterSwift";
			};
			name = Release;
		};
		CEA37AA421CB56F9008696AF /* Debug */ = {
			isa = XCBuildConfiguration;
			buildSettings = {
				ALWAYS_EMBED_SWIFT_STANDARD_LIBRARIES = YES;
				CODE_SIGN_STYLE = Automatic;
				INFOPLIST_FILE = PedoMeterSwiftUITests/Info.plist;
				LD_RUNPATH_SEARCH_PATHS = (
					"$(inherited)",
					"@executable_path/Frameworks",
					"@loader_path/Frameworks",
				);
				PRODUCT_BUNDLE_IDENTIFIER = com.contus.PedoMeterSwiftUITests;
				PRODUCT_NAME = "$(TARGET_NAME)";
				SWIFT_VERSION = 4.2;
				TARGETED_DEVICE_FAMILY = "1,2";
				TEST_TARGET_NAME = PedoMeterSwift;
			};
			name = Debug;
		};
		CEA37AA521CB56F9008696AF /* Release */ = {
			isa = XCBuildConfiguration;
			buildSettings = {
				ALWAYS_EMBED_SWIFT_STANDARD_LIBRARIES = YES;
				CODE_SIGN_STYLE = Automatic;
				INFOPLIST_FILE = PedoMeterSwiftUITests/Info.plist;
				LD_RUNPATH_SEARCH_PATHS = (
					"$(inherited)",
					"@executable_path/Frameworks",
					"@loader_path/Frameworks",
				);
				PRODUCT_BUNDLE_IDENTIFIER = com.contus.PedoMeterSwiftUITests;
				PRODUCT_NAME = "$(TARGET_NAME)";
				SWIFT_VERSION = 4.2;
				TARGETED_DEVICE_FAMILY = "1,2";
				TEST_TARGET_NAME = PedoMeterSwift;
			};
			name = Release;
		};
/* End XCBuildConfiguration section */

/* Begin XCConfigurationList section */
		CEA37A7021CB56F7008696AF /* Build configuration list for PBXProject "PedoMeterSwift" */ = {
			isa = XCConfigurationList;
			buildConfigurations = (
				CEA37A9B21CB56F9008696AF /* Debug */,
				CEA37A9C21CB56F9008696AF /* Release */,
			);
			defaultConfigurationIsVisible = 0;
			defaultConfigurationName = Release;
		};
		CEA37A9D21CB56F9008696AF /* Build configuration list for PBXNativeTarget "PedoMeterSwift" */ = {
			isa = XCConfigurationList;
			buildConfigurations = (
				CEA37A9E21CB56F9008696AF /* Debug */,
				CEA37A9F21CB56F9008696AF /* Release */,
			);
			defaultConfigurationIsVisible = 0;
			defaultConfigurationName = Release;
		};
		CEA37AA021CB56F9008696AF /* Build configuration list for PBXNativeTarget "PedoMeterSwiftTests" */ = {
			isa = XCConfigurationList;
			buildConfigurations = (
				CEA37AA121CB56F9008696AF /* Debug */,
				CEA37AA221CB56F9008696AF /* Release */,
			);
			defaultConfigurationIsVisible = 0;
			defaultConfigurationName = Release;
		};
		CEA37AA321CB56F9008696AF /* Build configuration list for PBXNativeTarget "PedoMeterSwiftUITests" */ = {
			isa = XCConfigurationList;
			buildConfigurations = (
				CEA37AA421CB56F9008696AF /* Debug */,
				CEA37AA521CB56F9008696AF /* Release */,
			);
			defaultConfigurationIsVisible = 0;
			defaultConfigurationName = Release;
		};
/* End XCConfigurationList section */
	};
	rootObject = CEA37A6D21CB56F7008696AF /* Project object */;
}
